// !$*UTF8*$!
{
	archiveVersion = 1;
	classes = {
	};
	objectVersion = 46;
	objects = {

/* Begin PBXBuildFile section */
		083230AE1D9901E500D9F842 /* Model.cpp in Sources */ = {isa = PBXBuildFile; fileRef = 083230AC1D9901E500D9F842 /* Model.cpp */; };
		083230B21D99353D00D9F842 /* ModelContainer.cpp in Sources */ = {isa = PBXBuildFile; fileRef = 083230B01D99353D00D9F842 /* ModelContainer.cpp */; };
		08C0E3981D963E90004D8C7B /* Camera.cpp in Sources */ = {isa = PBXBuildFile; fileRef = 08C0E3971D963E90004D8C7B /* Camera.cpp */; };
		08C0E39D1D963EAE004D8C7B /* DrawTool.cpp in Sources */ = {isa = PBXBuildFile; fileRef = 08C0E3991D963EAE004D8C7B /* DrawTool.cpp */; };
		08C0E39E1D963EAE004D8C7B /* Game.cpp in Sources */ = {isa = PBXBuildFile; fileRef = 08C0E39A1D963EAE004D8C7B /* Game.cpp */; };
		08C0E39F1D963EAE004D8C7B /* main.cpp in Sources */ = {isa = PBXBuildFile; fileRef = 08C0E39B1D963EAE004D8C7B /* main.cpp */; };
		08C0E3A01D963EAE004D8C7B /* Shader.cpp in Sources */ = {isa = PBXBuildFile; fileRef = 08C0E39C1D963EAE004D8C7B /* Shader.cpp */; };
		08C0E3AB1D968FE9004D8C7B /* Input.cpp in Sources */ = {isa = PBXBuildFile; fileRef = 08C0E3A91D968FE9004D8C7B /* Input.cpp */; };
		08CBF6D01CE4D02B00E7A1C3 /* OpenGL.framework in Frameworks */ = {isa = PBXBuildFile; fileRef = 08CBF6CF1CE4D02B00E7A1C3 /* OpenGL.framework */; };
		08CBF6D21CE4D03F00E7A1C3 /* libglfw.3.1.dylib in Frameworks */ = {isa = PBXBuildFile; fileRef = 08CBF6D11CE4D03F00E7A1C3 /* libglfw.3.1.dylib */; };
/* End PBXBuildFile section */

/* Begin PBXCopyFilesBuildPhase section */
		08CBF6C31CE4CDB000E7A1C3 /* CopyFiles */ = {
			isa = PBXCopyFilesBuildPhase;
			buildActionMask = 12;
			dstPath = "";
			dstSubfolderSpec = 7;
			files = (
			);
			runOnlyForDeploymentPostprocessing = 0;
		};
/* End PBXCopyFilesBuildPhase section */

/* Begin PBXFileReference section */
		083230AC1D9901E500D9F842 /* Model.cpp */ = {isa = PBXFileReference; fileEncoding = 4; lastKnownFileType = sourcecode.cpp.cpp; name = Model.cpp; path = Engine/Source/Model.cpp; sourceTree = "<group>"; };
		083230AD1D9901E500D9F842 /* Model.h */ = {isa = PBXFileReference; fileEncoding = 4; lastKnownFileType = sourcecode.c.h; name = Model.h; path = Engine/Source/Model.h; sourceTree = "<group>"; };
		083230AF1D992B8B00D9F842 /* ModelBase.h */ = {isa = PBXFileReference; lastKnownFileType = sourcecode.c.h; name = ModelBase.h; path = Engine/Source/ModelBase.h; sourceTree = "<group>"; };
		083230B01D99353D00D9F842 /* ModelContainer.cpp */ = {isa = PBXFileReference; fileEncoding = 4; lastKnownFileType = sourcecode.cpp.cpp; name = ModelContainer.cpp; path = Engine/Source/ModelContainer.cpp; sourceTree = "<group>"; };
		083230B11D99353D00D9F842 /* ModelContainer.h */ = {isa = PBXFileReference; fileEncoding = 4; lastKnownFileType = sourcecode.c.h; name = ModelContainer.h; path = Engine/Source/ModelContainer.h; sourceTree = "<group>"; };
		08C0E3971D963E90004D8C7B /* Camera.cpp */ = {isa = PBXFileReference; fileEncoding = 4; lastKnownFileType = sourcecode.cpp.cpp; name = Camera.cpp; path = Engine/Source/Camera.cpp; sourceTree = "<group>"; };
		08C0E3991D963EAE004D8C7B /* DrawTool.cpp */ = {isa = PBXFileReference; fileEncoding = 4; lastKnownFileType = sourcecode.cpp.cpp; name = DrawTool.cpp; path = Engine/Source/DrawTool.cpp; sourceTree = "<group>"; };
		08C0E39A1D963EAE004D8C7B /* Game.cpp */ = {isa = PBXFileReference; fileEncoding = 4; lastKnownFileType = sourcecode.cpp.cpp; name = Game.cpp; path = Engine/Source/Game.cpp; sourceTree = "<group>"; };
		08C0E39B1D963EAE004D8C7B /* main.cpp */ = {isa = PBXFileReference; fileEncoding = 4; lastKnownFileType = sourcecode.cpp.cpp; name = main.cpp; path = Engine/Source/main.cpp; sourceTree = "<group>"; };
		08C0E39C1D963EAE004D8C7B /* Shader.cpp */ = {isa = PBXFileReference; fileEncoding = 4; lastKnownFileType = sourcecode.cpp.cpp; name = Shader.cpp; path = Engine/Source/Shader.cpp; sourceTree = "<group>"; };
		08C0E3A11D963EBD004D8C7B /* Camera.h */ = {isa = PBXFileReference; lastKnownFileType = sourcecode.c.h; name = Camera.h; path = Engine/Source/Camera.h; sourceTree = "<group>"; };
		08C0E3A21D963EBD004D8C7B /* DrawTool.h */ = {isa = PBXFileReference; lastKnownFileType = sourcecode.c.h; name = DrawTool.h; path = Engine/Source/DrawTool.h; sourceTree = "<group>"; };
		08C0E3A31D963EBD004D8C7B /* Game.h */ = {isa = PBXFileReference; lastKnownFileType = sourcecode.c.h; name = Game.h; path = Engine/Source/Game.h; sourceTree = "<group>"; };
		08C0E3A41D963EBD004D8C7B /* header.h */ = {isa = PBXFileReference; lastKnownFileType = sourcecode.c.h; name = header.h; path = Engine/Source/header.h; sourceTree = "<group>"; };
		08C0E3A51D963EBD004D8C7B /* Shader.h */ = {isa = PBXFileReference; lastKnownFileType = sourcecode.c.h; name = Shader.h; path = Engine/Source/Shader.h; sourceTree = "<group>"; };
		08C0E3A71D963ECF004D8C7B /* FragmentShader.glsl */ = {isa = PBXFileReference; lastKnownFileType = text; name = FragmentShader.glsl; path = Engine/Source/FragmentShader.glsl; sourceTree = "<group>"; };
		08C0E3A81D963ECF004D8C7B /* VertexShader.glsl */ = {isa = PBXFileReference; lastKnownFileType = text; name = VertexShader.glsl; path = Engine/Source/VertexShader.glsl; sourceTree = "<group>"; };
		08C0E3A91D968FE9004D8C7B /* Input.cpp */ = {isa = PBXFileReference; fileEncoding = 4; lastKnownFileType = sourcecode.cpp.cpp; name = Input.cpp; path = Engine/Source/Input.cpp; sourceTree = "<group>"; };
		08C0E3AA1D968FE9004D8C7B /* Input.h */ = {isa = PBXFileReference; fileEncoding = 4; lastKnownFileType = sourcecode.c.h; name = Input.h; path = Engine/Source/Input.h; sourceTree = "<group>"; };
		08CBF6C51CE4CDB000E7A1C3 /* Engine */ = {isa = PBXFileReference; explicitFileType = "compiled.mach-o.executable"; includeInIndex = 0; path = Engine; sourceTree = BUILT_PRODUCTS_DIR; };
		08CBF6CF1CE4D02B00E7A1C3 /* OpenGL.framework */ = {isa = PBXFileReference; lastKnownFileType = wrapper.framework; name = OpenGL.framework; path = System/Library/Frameworks/OpenGL.framework; sourceTree = SDKROOT; };
		08CBF6D11CE4D03F00E7A1C3 /* libglfw.3.1.dylib */ = {isa = PBXFileReference; lastKnownFileType = "compiled.mach-o.dylib"; name = libglfw.3.1.dylib; path = ../../../../../opt/local/lib/libglfw.3.1.dylib; sourceTree = "<group>"; };
/* End PBXFileReference section */

/* Begin PBXFrameworksBuildPhase section */
		08CBF6C21CE4CDB000E7A1C3 /* Frameworks */ = {
			isa = PBXFrameworksBuildPhase;
			buildActionMask = 2147483647;
			files = (
				08CBF6D21CE4D03F00E7A1C3 /* libglfw.3.1.dylib in Frameworks */,
				08CBF6D01CE4D02B00E7A1C3 /* OpenGL.framework in Frameworks */,
			);
			runOnlyForDeploymentPostprocessing = 0;
		};
/* End PBXFrameworksBuildPhase section */

/* Begin PBXGroup section */
		08C0E3941D963E3F004D8C7B /* src */ = {
			isa = PBXGroup;
			children = (
				08C0E3A61D963EC2004D8C7B /* shaders */,
				08C0E3961D963E58004D8C7B /* include */,
				08C0E3951D963E4A004D8C7B /* source */,
			);
			name = src;
			sourceTree = "<group>";
		};
		08C0E3951D963E4A004D8C7B /* source */ = {
			isa = PBXGroup;
			children = (
				083230B01D99353D00D9F842 /* ModelContainer.cpp */,
				083230AC1D9901E500D9F842 /* Model.cpp */,
				08C0E3991D963EAE004D8C7B /* DrawTool.cpp */,
				08C0E39A1D963EAE004D8C7B /* Game.cpp */,
				08C0E39B1D963EAE004D8C7B /* main.cpp */,
				08C0E39C1D963EAE004D8C7B /* Shader.cpp */,
				08C0E3971D963E90004D8C7B /* Camera.cpp */,
				08C0E3A91D968FE9004D8C7B /* Input.cpp */,
			);
			name = source;
			sourceTree = "<group>";
		};
		08C0E3961D963E58004D8C7B /* include */ = {
			isa = PBXGroup;
			children = (
				08C0E3A11D963EBD004D8C7B /* Camera.h */,
				08C0E3A21D963EBD004D8C7B /* DrawTool.h */,
				08C0E3A31D963EBD004D8C7B /* Game.h */,
				08C0E3A41D963EBD004D8C7B /* header.h */,
				08C0E3A51D963EBD004D8C7B /* Shader.h */,
				08C0E3AA1D968FE9004D8C7B /* Input.h */,
				083230AD1D9901E500D9F842 /* Model.h */,
				083230AF1D992B8B00D9F842 /* ModelBase.h */,
				083230B11D99353D00D9F842 /* ModelContainer.h */,
			);
			name = include;
			sourceTree = "<group>";
		};
		08C0E3A61D963EC2004D8C7B /* shaders */ = {
			isa = PBXGroup;
			children = (
				08C0E3A71D963ECF004D8C7B /* FragmentShader.glsl */,
				08C0E3A81D963ECF004D8C7B /* VertexShader.glsl */,
			);
			name = shaders;
			sourceTree = "<group>";
		};
		08CBF6BC1CE4CDB000E7A1C3 = {
			isa = PBXGroup;
			children = (
				08C0E3941D963E3F004D8C7B /* src */,
				08CBF6D11CE4D03F00E7A1C3 /* libglfw.3.1.dylib */,
				08CBF6CF1CE4D02B00E7A1C3 /* OpenGL.framework */,
				08CBF6C61CE4CDB000E7A1C3 /* Products */,
			);
			sourceTree = "<group>";
		};
		08CBF6C61CE4CDB000E7A1C3 /* Products */ = {
			isa = PBXGroup;
			children = (
				08CBF6C51CE4CDB000E7A1C3 /* Engine */,
			);
			name = Products;
			sourceTree = "<group>";
		};
/* End PBXGroup section */

/* Begin PBXNativeTarget section */
		08CBF6C41CE4CDB000E7A1C3 /* Engine */ = {
			isa = PBXNativeTarget;
			buildConfigurationList = 08CBF6CC1CE4CDB000E7A1C3 /* Build configuration list for PBXNativeTarget "Engine" */;
			buildPhases = (
				08CBF6C11CE4CDB000E7A1C3 /* Sources */,
				08CBF6C21CE4CDB000E7A1C3 /* Frameworks */,
				08CBF6C31CE4CDB000E7A1C3 /* CopyFiles */,
			);
			buildRules = (
			);
			dependencies = (
			);
			name = Engine;
			productName = GLUT;
			productReference = 08CBF6C51CE4CDB000E7A1C3 /* Engine */;
			productType = "com.apple.product-type.tool";
		};
/* End PBXNativeTarget section */

/* Begin PBXProject section */
		08CBF6BD1CE4CDB000E7A1C3 /* Project object */ = {
			isa = PBXProject;
			attributes = {
				LastUpgradeCheck = 0800;
				TargetAttributes = {
					08CBF6C41CE4CDB000E7A1C3 = {
						CreatedOnToolsVersion = 7.3.1;
					};
				};
			};
			buildConfigurationList = 08CBF6C01CE4CDB000E7A1C3 /* Build configuration list for PBXProject "Engine" */;
			compatibilityVersion = "Xcode 3.2";
			developmentRegion = English;
			hasScannedForEncodings = 0;
			knownRegions = (
				en,
			);
			mainGroup = 08CBF6BC1CE4CDB000E7A1C3;
			productRefGroup = 08CBF6C61CE4CDB000E7A1C3 /* Products */;
			projectDirPath = "";
			projectRoot = "";
			targets = (
				08CBF6C41CE4CDB000E7A1C3 /* Engine */,
			);
		};
/* End PBXProject section */

/* Begin PBXSourcesBuildPhase section */
		08CBF6C11CE4CDB000E7A1C3 /* Sources */ = {
			isa = PBXSourcesBuildPhase;
			buildActionMask = 2147483647;
			files = (
				08C0E39E1D963EAE004D8C7B /* Game.cpp in Sources */,
				083230AE1D9901E500D9F842 /* Model.cpp in Sources */,
				08C0E3981D963E90004D8C7B /* Camera.cpp in Sources */,
				08C0E3AB1D968FE9004D8C7B /* Input.cpp in Sources */,
				08C0E39F1D963EAE004D8C7B /* main.cpp in Sources */,
				08C0E39D1D963EAE004D8C7B /* DrawTool.cpp in Sources */,
				08C0E3A01D963EAE004D8C7B /* Shader.cpp in Sources */,
				083230B21D99353D00D9F842 /* ModelContainer.cpp in Sources */,
			);
			runOnlyForDeploymentPostprocessing = 0;
		};
/* End PBXSourcesBuildPhase section */

/* Begin XCBuildConfiguration section */
		08CBF6CA1CE4CDB000E7A1C3 /* Debug */ = {
			isa = XCBuildConfiguration;
			buildSettings = {
				ALWAYS_SEARCH_USER_PATHS = NO;
				CLANG_ANALYZER_NONNULL = YES;
				CLANG_CXX_LANGUAGE_STANDARD = "gnu++0x";
				CLANG_CXX_LIBRARY = "libc++";
				CLANG_ENABLE_MODULES = YES;
				CLANG_ENABLE_OBJC_ARC = YES;
				CLANG_WARN_BOOL_CONVERSION = YES;
				CLANG_WARN_CONSTANT_CONVERSION = YES;
				CLANG_WARN_DIRECT_OBJC_ISA_USAGE = YES_ERROR;
				CLANG_WARN_EMPTY_BODY = YES;
				CLANG_WARN_ENUM_CONVERSION = YES;
				CLANG_WARN_INFINITE_RECURSION = YES;
				CLANG_WARN_INT_CONVERSION = YES;
				CLANG_WARN_OBJC_ROOT_CLASS = YES_ERROR;
				CLANG_WARN_SUSPICIOUS_MOVE = YES;
				CLANG_WARN_UNREACHABLE_CODE = YES;
				CLANG_WARN__DUPLICATE_METHOD_MATCH = YES;
				CODE_SIGN_IDENTITY = "-";
				COPY_PHASE_STRIP = NO;
				DEBUG_INFORMATION_FORMAT = dwarf;
				ENABLE_STRICT_OBJC_MSGSEND = YES;
				ENABLE_TESTABILITY = YES;
				GCC_C_LANGUAGE_STANDARD = gnu99;
				GCC_DYNAMIC_NO_PIC = NO;
				GCC_NO_COMMON_BLOCKS = YES;
				GCC_OPTIMIZATION_LEVEL = 0;
				GCC_PREPROCESSOR_DEFINITIONS = (
					"DEBUG=1",
					"$(inherited)",
				);
				GCC_WARN_64_TO_32_BIT_CONVERSION = YES;
				GCC_WARN_ABOUT_RETURN_TYPE = YES_ERROR;
				GCC_WARN_UNDECLARED_SELECTOR = YES;
				GCC_WARN_UNINITIALIZED_AUTOS = YES_AGGRESSIVE;
				GCC_WARN_UNUSED_FUNCTION = YES;
				GCC_WARN_UNUSED_VARIABLE = YES;
				MACOSX_DEPLOYMENT_TARGET = 10.11;
				MTL_ENABLE_DEBUG_INFO = YES;
				ONLY_ACTIVE_ARCH = YES;
				SDKROOT = macosx;
			};
			name = Debug;
		};
		08CBF6CB1CE4CDB000E7A1C3 /* Release */ = {
			isa = XCBuildConfiguration;
			buildSettings = {
				ALWAYS_SEARCH_USER_PATHS = NO;
				CLANG_ANALYZER_NONNULL = YES;
				CLANG_CXX_LANGUAGE_STANDARD = "gnu++0x";
				CLANG_CXX_LIBRARY = "libc++";
				CLANG_ENABLE_MODULES = YES;
				CLANG_ENABLE_OBJC_ARC = YES;
				CLANG_WARN_BOOL_CONVERSION = YES;
				CLANG_WARN_CONSTANT_CONVERSION = YES;
				CLANG_WARN_DIRECT_OBJC_ISA_USAGE = YES_ERROR;
				CLANG_WARN_EMPTY_BODY = YES;
				CLANG_WARN_ENUM_CONVERSION = YES;
				CLANG_WARN_INFINITE_RECURSION = YES;
				CLANG_WARN_INT_CONVERSION = YES;
				CLANG_WARN_OBJC_ROOT_CLASS = YES_ERROR;
				CLANG_WARN_SUSPICIOUS_MOVE = YES;
				CLANG_WARN_UNREACHABLE_CODE = YES;
				CLANG_WARN__DUPLICATE_METHOD_MATCH = YES;
				CODE_SIGN_IDENTITY = "-";
				COPY_PHASE_STRIP = NO;
				DEBUG_INFORMATION_FORMAT = "dwarf-with-dsym";
				ENABLE_NS_ASSERTIONS = NO;
				ENABLE_STRICT_OBJC_MSGSEND = YES;
				GCC_C_LANGUAGE_STANDARD = gnu99;
				GCC_NO_COMMON_BLOCKS = YES;
				GCC_WARN_64_TO_32_BIT_CONVERSION = YES;
				GCC_WARN_ABOUT_RETURN_TYPE = YES_ERROR;
				GCC_WARN_UNDECLARED_SELECTOR = YES;
				GCC_WARN_UNINITIALIZED_AUTOS = YES_AGGRESSIVE;
				GCC_WARN_UNUSED_FUNCTION = YES;
				GCC_WARN_UNUSED_VARIABLE = YES;
				MACOSX_DEPLOYMENT_TARGET = 10.11;
				MTL_ENABLE_DEBUG_INFO = NO;
				SDKROOT = macosx;
			};
			name = Release;
		};
		08CBF6CD1CE4CDB000E7A1C3 /* Debug */ = {
			isa = XCBuildConfiguration;
			buildSettings = {
				HEADER_SEARCH_PATHS = /opt/local/include;
				LIBRARY_SEARCH_PATHS = (
					"$(inherited)",
					/opt/local/lib,
				);
				PRODUCT_NAME = "$(TARGET_NAME)";
			};
			name = Debug;
		};
		08CBF6CE1CE4CDB000E7A1C3 /* Release */ = {
			isa = XCBuildConfiguration;
			buildSettings = {
				HEADER_SEARCH_PATHS = /opt/local/include;
				LIBRARY_SEARCH_PATHS = (
					"$(inherited)",
					/opt/local/lib,
				);
				PRODUCT_NAME = "$(TARGET_NAME)";
			};
			name = Release;
		};
/* End XCBuildConfiguration section */

/* Begin XCConfigurationList section */
		08CBF6C01CE4CDB000E7A1C3 /* Build configuration list for PBXProject "Engine" */ = {
			isa = XCConfigurationList;
			buildConfigurations = (
				08CBF6CA1CE4CDB000E7A1C3 /* Debug */,
				08CBF6CB1CE4CDB000E7A1C3 /* Release */,
			);
			defaultConfigurationIsVisible = 0;
			defaultConfigurationName = Release;
		};
		08CBF6CC1CE4CDB000E7A1C3 /* Build configuration list for PBXNativeTarget "Engine" */ = {
			isa = XCConfigurationList;
			buildConfigurations = (
				08CBF6CD1CE4CDB000E7A1C3 /* Debug */,
				08CBF6CE1CE4CDB000E7A1C3 /* Release */,
			);
			defaultConfigurationIsVisible = 0;
			defaultConfigurationName = Release;
		};
/* End XCConfigurationList section */
	};
	rootObject = 08CBF6BD1CE4CDB000E7A1C3 /* Project object */;
}
