// !$*UTF8*$!
{
	archiveVersion = 1;
	classes = {
	};
	objectVersion = 46;
	objects = {

/* Begin PBXBuildFile section */
		087386161CEB535300817BE2 /* Shader.cpp in Sources */ = {isa = PBXBuildFile; fileRef = 087386141CEB535300817BE2 /* Shader.cpp */; };
		08CBF6D01CE4D02B00E7A1C3 /* OpenGL.framework in Frameworks */ = {isa = PBXBuildFile; fileRef = 08CBF6CF1CE4D02B00E7A1C3 /* OpenGL.framework */; };
		08CBF6D21CE4D03F00E7A1C3 /* libglfw.3.1.dylib in Frameworks */ = {isa = PBXBuildFile; fileRef = 08CBF6D11CE4D03F00E7A1C3 /* libglfw.3.1.dylib */; };
		08F08D8D1CE6F6180073D80B /* Draw.cpp in Sources */ = {isa = PBXBuildFile; fileRef = 08F08D881CE6F6180073D80B /* Draw.cpp */; };
		08F08D8E1CE6F6180073D80B /* Game.cpp in Sources */ = {isa = PBXBuildFile; fileRef = 08F08D8A1CE6F6180073D80B /* Game.cpp */; };
		08F08D8F1CE6F6180073D80B /* main.cpp in Sources */ = {isa = PBXBuildFile; fileRef = 08F08D8C1CE6F6180073D80B /* main.cpp */; };
/* End PBXBuildFile section */

/* Begin PBXCopyFilesBuildPhase section */
		08CBF6C31CE4CDB000E7A1C3 /* CopyFiles */ = {
			isa = PBXCopyFilesBuildPhase;
			buildActionMask = 2147483647;
			dstPath = /usr/share/man/man1/;
			dstSubfolderSpec = 0;
			files = (
			);
			runOnlyForDeploymentPostprocessing = 1;
		};
/* End PBXCopyFilesBuildPhase section */

/* Begin PBXFileReference section */
		087386131CEB50E300817BE2 /* GLSL */ = {isa = PBXFileReference; lastKnownFileType = folder; name = GLSL; path = Source/GLSL; sourceTree = "<group>"; };
		087386141CEB535300817BE2 /* Shader.cpp */ = {isa = PBXFileReference; fileEncoding = 4; lastKnownFileType = sourcecode.cpp.cpp; name = Shader.cpp; path = Source/Shader.cpp; sourceTree = "<group>"; };
		087386151CEB535300817BE2 /* Shader.h */ = {isa = PBXFileReference; fileEncoding = 4; lastKnownFileType = sourcecode.c.h; name = Shader.h; path = Source/Shader.h; sourceTree = "<group>"; };
		08CBF6C51CE4CDB000E7A1C3 /* GLUT */ = {isa = PBXFileReference; explicitFileType = "compiled.mach-o.executable"; includeInIndex = 0; path = GLUT; sourceTree = BUILT_PRODUCTS_DIR; };
		08CBF6CF1CE4D02B00E7A1C3 /* OpenGL.framework */ = {isa = PBXFileReference; lastKnownFileType = wrapper.framework; name = OpenGL.framework; path = System/Library/Frameworks/OpenGL.framework; sourceTree = SDKROOT; };
		08CBF6D11CE4D03F00E7A1C3 /* libglfw.3.1.dylib */ = {isa = PBXFileReference; lastKnownFileType = "compiled.mach-o.dylib"; name = libglfw.3.1.dylib; path = ../../../../../opt/local/lib/libglfw.3.1.dylib; sourceTree = "<group>"; };
		08F08D881CE6F6180073D80B /* Draw.cpp */ = {isa = PBXFileReference; fileEncoding = 4; lastKnownFileType = sourcecode.cpp.cpp; name = Draw.cpp; path = Source/Draw.cpp; sourceTree = "<group>"; };
		08F08D891CE6F6180073D80B /* Draw.h */ = {isa = PBXFileReference; fileEncoding = 4; lastKnownFileType = sourcecode.c.h; name = Draw.h; path = Source/Draw.h; sourceTree = "<group>"; };
		08F08D8A1CE6F6180073D80B /* Game.cpp */ = {isa = PBXFileReference; fileEncoding = 4; lastKnownFileType = sourcecode.cpp.cpp; name = Game.cpp; path = Source/Game.cpp; sourceTree = "<group>"; };
		08F08D8B1CE6F6180073D80B /* Game.h */ = {isa = PBXFileReference; fileEncoding = 4; lastKnownFileType = sourcecode.c.h; name = Game.h; path = Source/Game.h; sourceTree = "<group>"; };
		08F08D8C1CE6F6180073D80B /* main.cpp */ = {isa = PBXFileReference; fileEncoding = 4; lastKnownFileType = sourcecode.cpp.cpp; name = main.cpp; path = Source/main.cpp; sourceTree = "<group>"; };
		08F08D901CE6F6910073D80B /* header.h */ = {isa = PBXFileReference; lastKnownFileType = sourcecode.c.h; name = header.h; path = Source/header.h; sourceTree = "<group>"; };
/* End PBXFileReference section */

/* Begin PBXFrameworksBuildPhase section */
		08CBF6C21CE4CDB000E7A1C3 /* Frameworks */ = {
			isa = PBXFrameworksBuildPhase;
			buildActionMask = 2147483647;
			files = (
				08CBF6D21CE4D03F00E7A1C3 /* libglfw.3.1.dylib in Frameworks */,
				08CBF6D01CE4D02B00E7A1C3 /* OpenGL.framework in Frameworks */,
			);
			runOnlyForDeploymentPostprocessing = 0;
		};
/* End PBXFrameworksBuildPhase section */

/* Begin PBXGroup section */
		08CBF6BC1CE4CDB000E7A1C3 = {
			isa = PBXGroup;
			children = (
				08CBF6D11CE4D03F00E7A1C3 /* libglfw.3.1.dylib */,
				08CBF6CF1CE4D02B00E7A1C3 /* OpenGL.framework */,
				08CBF6C71CE4CDB000E7A1C3 /* GLUT */,
				08CBF6C61CE4CDB000E7A1C3 /* Products */,
			);
			sourceTree = "<group>";
		};
		08CBF6C61CE4CDB000E7A1C3 /* Products */ = {
			isa = PBXGroup;
			children = (
				08CBF6C51CE4CDB000E7A1C3 /* GLUT */,
			);
			name = Products;
			sourceTree = "<group>";
		};
		08CBF6C71CE4CDB000E7A1C3 /* GLUT */ = {
			isa = PBXGroup;
			children = (
				087386131CEB50E300817BE2 /* GLSL */,
				08F08D881CE6F6180073D80B /* Draw.cpp */,
				08F08D891CE6F6180073D80B /* Draw.h */,
				08F08D8A1CE6F6180073D80B /* Game.cpp */,
				08F08D8B1CE6F6180073D80B /* Game.h */,
				08F08D8C1CE6F6180073D80B /* main.cpp */,
				08F08D901CE6F6910073D80B /* header.h */,
				087386141CEB535300817BE2 /* Shader.cpp */,
				087386151CEB535300817BE2 /* Shader.h */,
			);
			path = GLUT;
			sourceTree = "<group>";
		};
/* End PBXGroup section */

/* Begin PBXNativeTarget section */
		08CBF6C41CE4CDB000E7A1C3 /* GLUT */ = {
			isa = PBXNativeTarget;
			buildConfigurationList = 08CBF6CC1CE4CDB000E7A1C3 /* Build configuration list for PBXNativeTarget "GLUT" */;
			buildPhases = (
				08CBF6C11CE4CDB000E7A1C3 /* Sources */,
				08CBF6C21CE4CDB000E7A1C3 /* Frameworks */,
				08CBF6C31CE4CDB000E7A1C3 /* CopyFiles */,
			);
			buildRules = (
			);
			dependencies = (
			);
			name = GLUT;
			productName = GLUT;
			productReference = 08CBF6C51CE4CDB000E7A1C3 /* GLUT */;
			productType = "com.apple.product-type.tool";
		};
/* End PBXNativeTarget section */

/* Begin PBXProject section */
		08CBF6BD1CE4CDB000E7A1C3 /* Project object */ = {
			isa = PBXProject;
			attributes = {
				LastUpgradeCheck = 0730;
				TargetAttributes = {
					08CBF6C41CE4CDB000E7A1C3 = {
						CreatedOnToolsVersion = 7.3.1;
					};
				};
			};
			buildConfigurationList = 08CBF6C01CE4CDB000E7A1C3 /* Build configuration list for PBXProject "GLUT" */;
			compatibilityVersion = "Xcode 3.2";
			developmentRegion = English;
			hasScannedForEncodings = 0;
			knownRegions = (
				en,
			);
			mainGroup = 08CBF6BC1CE4CDB000E7A1C3;
			productRefGroup = 08CBF6C61CE4CDB000E7A1C3 /* Products */;
			projectDirPath = "";
			projectRoot = "";
			targets = (
				08CBF6C41CE4CDB000E7A1C3 /* GLUT */,
			);
		};
/* End PBXProject section */

/* Begin PBXSourcesBuildPhase section */
		08CBF6C11CE4CDB000E7A1C3 /* Sources */ = {
			isa = PBXSourcesBuildPhase;
			buildActionMask = 2147483647;
			files = (
				08F08D8D1CE6F6180073D80B /* Draw.cpp in Sources */,
				08F08D8E1CE6F6180073D80B /* Game.cpp in Sources */,
				087386161CEB535300817BE2 /* Shader.cpp in Sources */,
				08F08D8F1CE6F6180073D80B /* main.cpp in Sources */,
			);
			runOnlyForDeploymentPostprocessing = 0;
		};
/* End PBXSourcesBuildPhase section */

/* Begin XCBuildConfiguration section */
		08CBF6CA1CE4CDB000E7A1C3 /* Debug */ = {
			isa = XCBuildConfiguration;
			buildSettings = {
				ALWAYS_SEARCH_USER_PATHS = NO;
				CLANG_ANALYZER_NONNULL = YES;
				CLANG_CXX_LANGUAGE_STANDARD = "gnu++0x";
				CLANG_CXX_LIBRARY = "libc++";
				CLANG_ENABLE_MODULES = YES;
				CLANG_ENABLE_OBJC_ARC = YES;
				CLANG_WARN_BOOL_CONVERSION = YES;
				CLANG_WARN_CONSTANT_CONVERSION = YES;
				CLANG_WARN_DIRECT_OBJC_ISA_USAGE = YES_ERROR;
				CLANG_WARN_EMPTY_BODY = YES;
				CLANG_WARN_ENUM_CONVERSION = YES;
				CLANG_WARN_INT_CONVERSION = YES;
				CLANG_WARN_OBJC_ROOT_CLASS = YES_ERROR;
				CLANG_WARN_UNREACHABLE_CODE = YES;
				CLANG_WARN__DUPLICATE_METHOD_MATCH = YES;
				CODE_SIGN_IDENTITY = "-";
				COPY_PHASE_STRIP = NO;
				DEBUG_INFORMATION_FORMAT = dwarf;
				ENABLE_STRICT_OBJC_MSGSEND = YES;
				ENABLE_TESTABILITY = YES;
				GCC_C_LANGUAGE_STANDARD = gnu99;
				GCC_DYNAMIC_NO_PIC = NO;
				GCC_NO_COMMON_BLOCKS = YES;
				GCC_OPTIMIZATION_LEVEL = 0;
				GCC_PREPROCESSOR_DEFINITIONS = (
					"DEBUG=1",
					"$(inherited)",
				);
				GCC_WARN_64_TO_32_BIT_CONVERSION = YES;
				GCC_WARN_ABOUT_RETURN_TYPE = YES_ERROR;
				GCC_WARN_UNDECLARED_SELECTOR = YES;
				GCC_WARN_UNINITIALIZED_AUTOS = YES_AGGRESSIVE;
				GCC_WARN_UNUSED_FUNCTION = YES;
				GCC_WARN_UNUSED_VARIABLE = YES;
				MACOSX_DEPLOYMENT_TARGET = 10.11;
				MTL_ENABLE_DEBUG_INFO = YES;
				ONLY_ACTIVE_ARCH = YES;
				SDKROOT = macosx;
			};
			name = Debug;
		};
		08CBF6CB1CE4CDB000E7A1C3 /* Release */ = {
			isa = XCBuildConfiguration;
			buildSettings = {
				ALWAYS_SEARCH_USER_PATHS = NO;
				CLANG_ANALYZER_NONNULL = YES;
				CLANG_CXX_LANGUAGE_STANDARD = "gnu++0x";
				CLANG_CXX_LIBRARY = "libc++";
				CLANG_ENABLE_MODULES = YES;
				CLANG_ENABLE_OBJC_ARC = YES;
				CLANG_WARN_BOOL_CONVERSION = YES;
				CLANG_WARN_CONSTANT_CONVERSION = YES;
				CLANG_WARN_DIRECT_OBJC_ISA_USAGE = YES_ERROR;
				CLANG_WARN_EMPTY_BODY = YES;
				CLANG_WARN_ENUM_CONVERSION = YES;
				CLANG_WARN_INT_CONVERSION = YES;
				CLANG_WARN_OBJC_ROOT_CLASS = YES_ERROR;
				CLANG_WARN_UNREACHABLE_CODE = YES;
				CLANG_WARN__DUPLICATE_METHOD_MATCH = YES;
				CODE_SIGN_IDENTITY = "-";
				COPY_PHASE_STRIP = NO;
				DEBUG_INFORMATION_FORMAT = "dwarf-with-dsym";
				ENABLE_NS_ASSERTIONS = NO;
				ENABLE_STRICT_OBJC_MSGSEND = YES;
				GCC_C_LANGUAGE_STANDARD = gnu99;
				GCC_NO_COMMON_BLOCKS = YES;
				GCC_WARN_64_TO_32_BIT_CONVERSION = YES;
				GCC_WARN_ABOUT_RETURN_TYPE = YES_ERROR;
				GCC_WARN_UNDECLARED_SELECTOR = YES;
				GCC_WARN_UNINITIALIZED_AUTOS = YES_AGGRESSIVE;
				GCC_WARN_UNUSED_FUNCTION = YES;
				GCC_WARN_UNUSED_VARIABLE = YES;
				MACOSX_DEPLOYMENT_TARGET = 10.11;
				MTL_ENABLE_DEBUG_INFO = NO;
				SDKROOT = macosx;
			};
			name = Release;
		};
		08CBF6CD1CE4CDB000E7A1C3 /* Debug */ = {
			isa = XCBuildConfiguration;
			buildSettings = {
				HEADER_SEARCH_PATHS = /opt/local/include;
				LIBRARY_SEARCH_PATHS = (
					"$(inherited)",
					/opt/local/lib,
				);
				PRODUCT_NAME = "$(TARGET_NAME)";
			};
			name = Debug;
		};
		08CBF6CE1CE4CDB000E7A1C3 /* Release */ = {
			isa = XCBuildConfiguration;
			buildSettings = {
				HEADER_SEARCH_PATHS = /opt/local/include;
				LIBRARY_SEARCH_PATHS = (
					"$(inherited)",
					/opt/local/lib,
				);
				PRODUCT_NAME = "$(TARGET_NAME)";
			};
			name = Release;
		};
/* End XCBuildConfiguration section */

/* Begin XCConfigurationList section */
		08CBF6C01CE4CDB000E7A1C3 /* Build configuration list for PBXProject "GLUT" */ = {
			isa = XCConfigurationList;
			buildConfigurations = (
				08CBF6CA1CE4CDB000E7A1C3 /* Debug */,
				08CBF6CB1CE4CDB000E7A1C3 /* Release */,
			);
			defaultConfigurationIsVisible = 0;
			defaultConfigurationName = Release;
		};
		08CBF6CC1CE4CDB000E7A1C3 /* Build configuration list for PBXNativeTarget "GLUT" */ = {
			isa = XCConfigurationList;
			buildConfigurations = (
				08CBF6CD1CE4CDB000E7A1C3 /* Debug */,
				08CBF6CE1CE4CDB000E7A1C3 /* Release */,
			);
			defaultConfigurationIsVisible = 0;
			defaultConfigurationName = Release;
		};
/* End XCConfigurationList section */
	};
	rootObject = 08CBF6BD1CE4CDB000E7A1C3 /* Project object */;
}
